
Microsoft Visual Studio Solution File, Format Version 12.00
# Visual Studio Version 16
VisualStudioVersion = 16.0.31402.337
MinimumVisualStudioVersion = 10.0.40219.1
Project("{FAE04EC0-301F-11D3-BF4B-00C04F79EFBC}") = "WFPUtility", "WFPUtility\WFPUtility.csproj", "{C44834F6-733D-4CCE-844D-CC18A7C29930}"
EndProject
Global
	GlobalSection(SolutionConfigurationPlatforms) = preSolution
		Debug|Any CPU = Debug|Any CPU
		Release|Any CPU = Release|Any CPU
	EndGlobalSection
	GlobalSection(ProjectConfigurationPlatforms) = postSolution
		{C44834F6-733D-4CCE-844D-CC18A7C29930}.Debug|Any CPU.ActiveCfg = Debug|Any CPU
		{C44834F6-733D-4CCE-844D-CC18A7C29930}.Debug|Any CPU.Build.0 = Debug|Any CPU
		{C44834F6-733D-4CCE-844D-CC18A7C29930}.Release|Any CPU.ActiveCfg = Release|Any CPU
		{C44834F6-733D-4CCE-844D-CC18A7C29930}.Release|Any CPU.Build.0 = Release|Any CPU
	EndGlobalSection
	GlobalSection(SolutionProperties) = preSolution
		HideSolutionNode = FALSE
	EndGlobalSection
	GlobalSection(ExtensibilityGlobals) = postSolution
		SolutionGuid = {E1DD941E-2EBA-40A0-89C6-B5B126C99BD5}
	EndGlobalSection
EndGlobal
